
Microsoft Visual Studio Solution File, Format Version 12.00
# Visual Studio 15
VisualStudioVersion = 15.0.27703.2000
MinimumVisualStudioVersion = 10.0.40219.1
Project("{FAE04EC0-301F-11D3-BF4B-00C04F79EFBC}") = "Interface_1", "Interface_1\Interface_1.csproj", "{42DE1FC4-E505-48D6-B0B8-F8412D345CF9}"
EndProject
Project("{FAE04EC0-301F-11D3-BF4B-00C04F79EFBC}") = "Classes_1", "Classes_1\Classes_1.csproj", "{5F81E363-F3DE-48DF-AA68-44BD08BF5017}"
EndProject
Project("{FAE04EC0-301F-11D3-BF4B-00C04F79EFBC}") = "Classes_2", "Classes_2\Classes_2.csproj", "{DA6089B4-AF00-45A6-9D1E-842C8C454AE3}"
EndProject
Project("{FAE04EC0-301F-11D3-BF4B-00C04F79EFBC}") = "Dict_1", "Dict_1\Dict_1.csproj", "{28699B1B-94EF-4D8D-8960-669EF6BF543C}"
EndProject
Project("{FAE04EC0-301F-11D3-BF4B-00C04F79EFBC}") = "Json_1", "Json_1\Json_1.csproj", "{F5FE6EC7-1539-43FD-930F-FD1499AD483B}"
EndProject
Global
	GlobalSection(SolutionConfigurationPlatforms) = preSolution
		Debug|Any CPU = Debug|Any CPU
		Release|Any CPU = Release|Any CPU
	EndGlobalSection
	GlobalSection(ProjectConfigurationPlatforms) = postSolution
		{42DE1FC4-E505-48D6-B0B8-F8412D345CF9}.Debug|Any CPU.ActiveCfg = Debug|Any CPU
		{42DE1FC4-E505-48D6-B0B8-F8412D345CF9}.Debug|Any CPU.Build.0 = Debug|Any CPU
		{42DE1FC4-E505-48D6-B0B8-F8412D345CF9}.Release|Any CPU.ActiveCfg = Release|Any CPU
		{42DE1FC4-E505-48D6-B0B8-F8412D345CF9}.Release|Any CPU.Build.0 = Release|Any CPU
		{5F81E363-F3DE-48DF-AA68-44BD08BF5017}.Debug|Any CPU.ActiveCfg = Debug|Any CPU
		{5F81E363-F3DE-48DF-AA68-44BD08BF5017}.Debug|Any CPU.Build.0 = Debug|Any CPU
		{5F81E363-F3DE-48DF-AA68-44BD08BF5017}.Release|Any CPU.ActiveCfg = Release|Any CPU
		{5F81E363-F3DE-48DF-AA68-44BD08BF5017}.Release|Any CPU.Build.0 = Release|Any CPU
		{DA6089B4-AF00-45A6-9D1E-842C8C454AE3}.Debug|Any CPU.ActiveCfg = Debug|Any CPU
		{DA6089B4-AF00-45A6-9D1E-842C8C454AE3}.Debug|Any CPU.Build.0 = Debug|Any CPU
		{DA6089B4-AF00-45A6-9D1E-842C8C454AE3}.Release|Any CPU.ActiveCfg = Release|Any CPU
		{DA6089B4-AF00-45A6-9D1E-842C8C454AE3}.Release|Any CPU.Build.0 = Release|Any CPU
		{28699B1B-94EF-4D8D-8960-669EF6BF543C}.Debug|Any CPU.ActiveCfg = Debug|Any CPU
		{28699B1B-94EF-4D8D-8960-669EF6BF543C}.Debug|Any CPU.Build.0 = Debug|Any CPU
		{28699B1B-94EF-4D8D-8960-669EF6BF543C}.Release|Any CPU.ActiveCfg = Release|Any CPU
		{28699B1B-94EF-4D8D-8960-669EF6BF543C}.Release|Any CPU.Build.0 = Release|Any CPU
		{F5FE6EC7-1539-43FD-930F-FD1499AD483B}.Debug|Any CPU.ActiveCfg = Debug|Any CPU
		{F5FE6EC7-1539-43FD-930F-FD1499AD483B}.Debug|Any CPU.Build.0 = Debug|Any CPU
		{F5FE6EC7-1539-43FD-930F-FD1499AD483B}.Release|Any CPU.ActiveCfg = Release|Any CPU
		{F5FE6EC7-1539-43FD-930F-FD1499AD483B}.Release|Any CPU.Build.0 = Release|Any CPU
	EndGlobalSection
	GlobalSection(SolutionProperties) = preSolution
		HideSolutionNode = FALSE
	EndGlobalSection
	GlobalSection(ExtensibilityGlobals) = postSolution
		SolutionGuid = {200210CA-F69A-4D35-9990-9E344C117BE0}
	EndGlobalSection
EndGlobal
