
Microsoft Visual Studio Solution File, Format Version 12.00
# Visual Studio 2013
VisualStudioVersion = 12.0.40629.0
MinimumVisualStudioVersion = 10.0.40219.1
Project("{FAE04EC0-301F-11D3-BF4B-00C04F79EFBC}") = "configlib", "configlib\configlib.csproj", "{41ACEA40-CF73-4C3A-9137-4F8D4FFC0B32}"
EndProject
Project("{FAE04EC0-301F-11D3-BF4B-00C04F79EFBC}") = "algolib", "algolib\algolib.csproj", "{659DED07-4DC9-4A0D-8F01-37D26E2F9A15}"
EndProject
Project("{FAE04EC0-301F-11D3-BF4B-00C04F79EFBC}") = "demo", "demo\demo.csproj", "{EA9CD3AA-10E6-4438-8094-35C491CE5B08}"
EndProject
Project("{FAE04EC0-301F-11D3-BF4B-00C04F79EFBC}") = "readconfigapp", "readconfigapp\readconfigapp.csproj", "{0B6AB8C0-4E42-4B7D-9B1C-2E4554FC10D5}"
EndProject
Project("{FAE04EC0-301F-11D3-BF4B-00C04F79EFBC}") = "readconfigapp2", "readconfigapp2\readconfigapp2.csproj", "{501B7E8E-0C9C-4991-9ACD-CD5769BC4FD0}"
EndProject
Global
	GlobalSection(SolutionConfigurationPlatforms) = preSolution
		Debug|Any CPU = Debug|Any CPU
		Release|Any CPU = Release|Any CPU
	EndGlobalSection
	GlobalSection(ProjectConfigurationPlatforms) = postSolution
		{41ACEA40-CF73-4C3A-9137-4F8D4FFC0B32}.Debug|Any CPU.ActiveCfg = Debug|Any CPU
		{41ACEA40-CF73-4C3A-9137-4F8D4FFC0B32}.Debug|Any CPU.Build.0 = Debug|Any CPU
		{41ACEA40-CF73-4C3A-9137-4F8D4FFC0B32}.Release|Any CPU.ActiveCfg = Release|Any CPU
		{41ACEA40-CF73-4C3A-9137-4F8D4FFC0B32}.Release|Any CPU.Build.0 = Release|Any CPU
		{659DED07-4DC9-4A0D-8F01-37D26E2F9A15}.Debug|Any CPU.ActiveCfg = Debug|Any CPU
		{659DED07-4DC9-4A0D-8F01-37D26E2F9A15}.Debug|Any CPU.Build.0 = Debug|Any CPU
		{659DED07-4DC9-4A0D-8F01-37D26E2F9A15}.Release|Any CPU.ActiveCfg = Release|Any CPU
		{659DED07-4DC9-4A0D-8F01-37D26E2F9A15}.Release|Any CPU.Build.0 = Release|Any CPU
		{EA9CD3AA-10E6-4438-8094-35C491CE5B08}.Debug|Any CPU.ActiveCfg = Debug|Any CPU
		{EA9CD3AA-10E6-4438-8094-35C491CE5B08}.Debug|Any CPU.Build.0 = Debug|Any CPU
		{EA9CD3AA-10E6-4438-8094-35C491CE5B08}.Release|Any CPU.ActiveCfg = Release|Any CPU
		{EA9CD3AA-10E6-4438-8094-35C491CE5B08}.Release|Any CPU.Build.0 = Release|Any CPU
		{0B6AB8C0-4E42-4B7D-9B1C-2E4554FC10D5}.Debug|Any CPU.ActiveCfg = Debug|Any CPU
		{0B6AB8C0-4E42-4B7D-9B1C-2E4554FC10D5}.Debug|Any CPU.Build.0 = Debug|Any CPU
		{0B6AB8C0-4E42-4B7D-9B1C-2E4554FC10D5}.Release|Any CPU.ActiveCfg = Release|Any CPU
		{0B6AB8C0-4E42-4B7D-9B1C-2E4554FC10D5}.Release|Any CPU.Build.0 = Release|Any CPU
		{501B7E8E-0C9C-4991-9ACD-CD5769BC4FD0}.Debug|Any CPU.ActiveCfg = Debug|Any CPU
		{501B7E8E-0C9C-4991-9ACD-CD5769BC4FD0}.Debug|Any CPU.Build.0 = Debug|Any CPU
		{501B7E8E-0C9C-4991-9ACD-CD5769BC4FD0}.Release|Any CPU.ActiveCfg = Release|Any CPU
		{501B7E8E-0C9C-4991-9ACD-CD5769BC4FD0}.Release|Any CPU.Build.0 = Release|Any CPU
	EndGlobalSection
	GlobalSection(SolutionProperties) = preSolution
		HideSolutionNode = FALSE
	EndGlobalSection
EndGlobal
